{
  "version": "5",
  "specifiers": {
    "npm:@apollo/client@^3.14.1": "3.14.1_graphql@16.13.2_react@18.3.1_react-dom@18.3.1__react@18.3.1",
    "npm:graphql@^16.13.2": "16.13.2",
    "npm:react-dom@^18.3.1": "18.3.1_react@18.3.1",
    "npm:react@^18.3.1": "18.3.1",
    "npm:rescript@^12.2.0": "12.2.0",
    "npm:@rescript/react@0.13.1": "0.13.1_react@18.3.1_react-dom@18.3.1__react@18.3.1"
  },
  "npm": {
    "@apollo/client@3.14.1_graphql@16.13.2_react@18.3.1_react-dom@18.3.1__react@18.3.1": {
      "integrity": "sha512-SgGX6E23JsZhUdG2anxiyHvEvvN6CUaI4ZfMsndZFeuHPXL3H0IsaiNAhLITSISbeyeYd+CBd9oERXQDdjXWZw==",
      "dependencies": [
        "@graphql-typed-document-node/core",
        "@wry/caches",
        "@wry/equality",
        "@wry/trie",
        "graphql",
        "graphql-tag",
        "hoist-non-react-statics",
        "optimism",
        "prop-types",
        "react",
        "react-dom",
        "rehackt",
        "symbol-observable",
        "ts-invariant",
        "tslib",
        "zen-observable-ts"
      ],
      "optionalPeers": [
        "react",
        "react-dom"
      ]
    },
    "@graphql-typed-document-node/core@3.2.0_graphql@16.13.2": {
      "integrity": "sha512-mB9oAsNCm9aM3/SOv4YtBMqZbYj10R7dkq8byBqxGY/ncFwhf2oQzMV+LCRlWoDSEBJ3COiR1yeDvMtsoOsuFQ==",
      "dependencies": [
        "graphql"
      ]
    },
    "@rescript/darwin-arm64@12.2.0": {
      "integrity": "sha512-xc3K/J7Ujl1vPiFY2009mRf3kWRlUe/VZyJWprseKxlcEtUQv89ter7r6pY+YFbtYvA/fcaEncL9CVGEdattAg==",
      "os": [
        "darwin"
      ],
      "cpu": [
        "arm64"
      ]
    },
    "@rescript/darwin-x64@12.2.0": {
      "integrity": "sha512-qqcTvnlSeoKkywLjG7cXfYvKZ1e4Gz2kUKcD6SiqDgCqm8TF+spwlFAiM6sloRUOFsc0bpC/0R0B3yr01FCB1A==",
      "os": [
        "darwin"
      ],
      "cpu": [
        "x64"
      ]
    },
    "@rescript/linux-arm64@12.2.0": {
      "integrity": "sha512-ODmpG3ji+Nj/8d5yvXkeHlfKkmbw1Q4t1iIjVuNwtmFpz7TiEa7n/sQqoYdE+WzbDX3DoJfmJNbp3Ob7qCUoOg==",
      "os": [
        "linux"
      ],
      "cpu": [
        "arm64"
      ]
    },
    "@rescript/linux-x64@12.2.0": {
      "integrity": "sha512-2W9Y9/g19Y4F/subl8yV3T8QBG2oRaP+HciNRcBjptyEdw9LmCKH8+rhWO6sp3E+nZLwoE2IAkwH0WKV3wqlxQ==",
      "os": [
        "linux"
      ],
      "cpu": [
        "x64"
      ]
    },
    "@rescript/runtime@12.2.0": {
      "integrity": "sha512-NwfljDRq1rjFPHUaca1nzFz13xsa9ZGkBkLvMhvVgavJT5+A4rMcLu8XAaVTi/oAhO/tlHf9ZDoOTF1AfyAk9Q=="
    },
    "@rescript/win32-x64@12.2.0": {
      "integrity": "sha512-fhf8CBj3p1lkIXPeNko3mVTKQfXXm4BoxJtR1xAXxUn43wDpd8Lox4w8/EPBbbW6C/YFQW6H7rtpY+2AKuNaDA==",
      "os": [
        "win32"
      ],
      "cpu": [
        "x64"
      ]
    },
    "@wry/caches@1.0.1": {
      "integrity": "sha512-bXuaUNLVVkD20wcGBWRyo7j9N3TxePEWFZj2Y+r9OoUzfqmavM84+mFykRicNsBqatba5JLay1t48wxaXaWnlA==",
      "dependencies": [
        "tslib"
      ]
    },
    "@wry/context@0.7.4": {
      "integrity": "sha512-jmT7Sb4ZQWI5iyu3lobQxICu2nC/vbUhP0vIdd6tHC9PTfenmRmuIFqktc6GH9cgi+ZHnsLWPvfSvc4DrYmKiQ==",
      "dependencies": [
        "tslib"
      ]
    },
    "@wry/equality@0.5.7": {
      "integrity": "sha512-BRFORjsTuQv5gxcXsuDXx6oGRhuVsEGwZy6LOzRRfgu+eSfxbhUQ9L9YtSEIuIjY/o7g3iWFjrc5eSY1GXP2Dw==",
      "dependencies": [
        "tslib"
      ]
    },
    "@wry/trie@0.5.0": {
      "integrity": "sha512-FNoYzHawTMk/6KMQoEG5O4PuioX19UbwdQKF44yw0nLfOypfQdjtfZzo/UIJWAJ23sNIFbD1Ug9lbaDGMwbqQA==",
      "dependencies": [
        "tslib"
      ]
    },
    "graphql-tag@2.12.6_graphql@16.13.2": {
      "integrity": "sha512-FdSNcu2QQcWnM2VNvSCCDCVS5PpPqpzgFT8+GXzqJuoDd0CBncxCY278u4mhRO7tMgo2JjgJA5aZ+nWSQ/Z+xg==",
      "dependencies": [
        "graphql",
        "tslib"
      ]
    },
    "graphql@16.13.2": {
      "integrity": "sha512-5bJ+nf/UCpAjHM8i06fl7eLyVC9iuNAjm9qzkiu2ZGhM0VscSvS6WDPfAwkdkBuoXGM9FJSbKl6wylMwP9Ktig=="
    },
    "hoist-non-react-statics@3.3.2": {
      "integrity": "sha512-/gGivxi8JPKWNm/W0jSmzcMPpfpPLc3dY/6GxhX2hQ9iGj3aDfklV4ET7NjKpSinLpJ5vafa9iiGIEZg10SfBw==",
      "dependencies": [
        "react-is"
      ]
    },
    "js-tokens@4.0.0": {
      "integrity": "sha512-RdJUflcE3cUzKiMqQgsCu06FPu9UdIJO0beYbPhHN4k6apgJtifcoCtT9bcxOpYBtpD2kCM6Sbzg4CausW/PKQ=="
    },
    "loose-envify@1.4.0": {
      "integrity": "sha512-lyuxPGr/Wfhrlem2CL/UcnUc1zcqKAImBDzukY7Y5F/yQiNdko6+fRLevlw1HgMySw7f611UIY408EtxRSoK3Q==",
      "dependencies": [
        "js-tokens"
      ],
      "bin": true
    },
    "object-assign@4.1.1": {
      "integrity": "sha512-rJgTQnkUnH1sFw8yT6VSU3zD3sWmu6sZhIseY8VX+GRu3P6F7Fu+JNDoXfklElbLJSnc3FUQHVe4cU5hj+BcUg=="
    },
    "optimism@0.18.1": {
      "integrity": "sha512-mLXNwWPa9dgFyDqkNi54sjDyNJ9/fTI6WGBLgnXku1vdKY/jovHfZT5r+aiVeFFLOz+foPNOm5YJ4mqgld2GBQ==",
      "dependencies": [
        "@wry/caches",
        "@wry/context",
        "@wry/trie",
        "tslib"
      ]
    },
    "prop-types@15.8.1": {
      "integrity": "sha512-oj87CgZICdulUohogVAR7AjlC0327U4el4L6eAvOqCeudMDVU0NThNaV+b9Df4dXgSP1gXMTnPdhfe/2qDH5cg==",
      "dependencies": [
        "loose-envify",
        "object-assign",
        "react-is"
      ]
    },
    "react-dom@18.3.1_react@18.3.1": {
      "integrity": "sha512-5m4nQKp+rZRb09LNH59GM4BxTh9251/ylbKIbpe7TpGxfJ+9kv6BLkLBXIjjspbgbnIBNqlI23tRnTWT0snUIw==",
      "dependencies": [
        "loose-envify",
        "react",
        "scheduler"
      ]
    },
    "react-is@16.13.1": {
      "integrity": "sha512-24e6ynE2H+OKt4kqsOvNd8kBpV65zoxbA4BVsEOB3ARVWQki/DHzaUoC5KuON/BiccDaCCTZBuOcfZs70kR8bQ=="
    },
    "react@18.3.1": {
      "integrity": "sha512-wS+hAgJShR0KhEvPJArfuPVN1+Hz1t0Y6n5jLrGQbkb4urgPE/0Rve+1kMB1v/oWgHgm4WIcV+i7F2pTVj+2iQ==",
      "dependencies": [
        "loose-envify"
      ]
    },
    "rehackt@0.1.0_react@18.3.1": {
      "integrity": "sha512-7kRDOuLHB87D/JESKxQoRwv4DzbIdwkAGQ7p6QKGdVlY1IZheUnVhlk/4UZlNUVxdAXpyxikE3URsG067ybVzw==",
      "dependencies": [
        "react"
      ],
      "optionalPeers": [
        "react"
      ]
    },
    "rescript@12.2.0": {
      "integrity": "sha512-1Jf2cmNhyx5Mj2vwZ4XXPcXvNSjGj9D1jPBUcoqIOqRpLPo1ch2Ta/7eWh23xAHWHK5ow7BCDyYFjvZSjyjLzg==",
      "dependencies": [
        "@rescript/runtime"
      ],
      "optionalDependencies": [
        "@rescript/darwin-arm64",
        "@rescript/darwin-x64",
        "@rescript/linux-arm64",
        "@rescript/linux-x64",
        "@rescript/win32-x64"
      ],
      "bin": true
    },
    "scheduler@0.23.2": {
      "integrity": "sha512-UOShsPwz7NrMUqhR6t0hWjFduvOzbtv7toDH1/hIrfRNIDBnnBWd0CwJTGvTpngVlmwGCdP9/Zl/tVrDqcuYzQ==",
      "dependencies": [
        "loose-envify"
      ]
    },
    "symbol-observable@4.0.0": {
      "integrity": "sha512-b19dMThMV4HVFynSAM1++gBHAbk2Tc/osgLIBZMKsyqh34jb2e8Os7T6ZW/Bt3pJFdBTd2JwAnAAEQV7rSNvcQ=="
    },
    "ts-invariant@0.10.3": {
      "integrity": "sha512-uivwYcQaxAucv1CzRp2n/QdYPo4ILf9VXgH19zEIjFx2EJufV16P0JtJVpYHy89DItG6Kwj2oIUjrcK5au+4tQ==",
      "dependencies": [
        "tslib"
      ]
    },
    "tslib@2.8.1": {
      "integrity": "sha512-oJFu94HQb+KVduSUQL7wnpmqnfmLsOA/nAh6b6EH0wCEoK0/mPeXU6c3wKDV83MkOuHPRHtSXKKU99IBazS/2w=="
    },
    "zen-observable-ts@1.2.5": {
      "integrity": "sha512-QZWQekv6iB72Naeake9hS1KxHlotfRpe+WGNbNx5/ta+R3DNjVO2bswf63gXlWDcs+EMd7XY8HfVQyP1X6T4Zg==",
      "dependencies": [
        "zen-observable"
      ]
    },
    "zen-observable@0.8.15": {
      "integrity": "sha512-PQ2PC7R9rslx84ndNBZB/Dkv8V8fZEpk83RLgXtYd0fwUgEjseMn1Dgajh2x6S8QbZAFa9p2qVCEuYZNgve0dQ=="
    },
    "@rescript/react@0.13.1_react@18.3.1_react-dom@18.3.1__react@18.3.1": {
      "integrity": "sha512-VIWtu/sAJyYmDVoAhit0LHDYQrW6RqZ6z8sh8san5cjEAT4klv8JWkiaSK3FGUfooUDkGUXXgKTkqyj8zRR21w=="
    }
  },
  "workspace": {
    "packageJson": {
      "dependencies": [
        "npm:@apollo/client@^3.14.1",
        "npm:@rescript/react@0.13.1",
        "npm:graphql@^16.13.2",
        "npm:react-dom@^18.3.1",
        "npm:react@^18.3.1",
        "npm:rescript@^12.2.0"
      ]
    }
  }
}
